
Microsoft Visual Studio Solution File, Format Version 12.00
# Visual Studio Version 17
VisualStudioVersion = 17.2.32505.173
MinimumVisualStudioVersion = 10.0.40219.1
Project("{FAE04EC0-301F-11D3-BF4B-00C04F79EFBC}") = "ConsoleApp1", "ConsoleApp1\ConsoleApp1.csproj", "{A0C41C2A-1B45-44C1-BF5C-D0E5017D374D}"
EndProject
Global
	GlobalSection(SolutionConfigurationPlatforms) = preSolution
		Debug|Any CPU = Debug|Any CPU
		Release|Any CPU = Release|Any CPU
	EndGlobalSection
	GlobalSection(ProjectConfigurationPlatforms) = postSolution
		{A0C41C2A-1B45-44C1-BF5C-D0E5017D374D}.Debug|Any CPU.ActiveCfg = Debug|Any CPU
		{A0C41C2A-1B45-44C1-BF5C-D0E5017D374D}.Debug|Any CPU.Build.0 = Debug|Any CPU
		{A0C41C2A-1B45-44C1-BF5C-D0E5017D374D}.Release|Any CPU.ActiveCfg = Release|Any CPU
		{A0C41C2A-1B45-44C1-BF5C-D0E5017D374D}.Release|Any CPU.Build.0 = Release|Any CPU
	EndGlobalSection
	GlobalSection(SolutionProperties) = preSolution
		HideSolutionNode = FALSE
	EndGlobalSection
	GlobalSection(ExtensibilityGlobals) = postSolution
		SolutionGuid = {8F67F0D5-837A-4064-A8B0-0D4CBC6EDBBB}
	EndGlobalSection
EndGlobal
